
Microsoft Visual Studio Solution File, Format Version 12.00
# Visual Studio 14
VisualStudioVersion = 14.0.25420.1
MinimumVisualStudioVersion = 10.0.40219.1
Project("{FAE04EC0-301F-11D3-BF4B-00C04F79EFBC}") = "MainApp", "MainApp.csproj", "{F2820E35-AF6D-4C1E-9848-2D8981F8B6EA}"
	ProjectSection(ProjectDependencies) = postProject
		{599BA654-64EB-4C1C-B191-22AFDD3CFC38} = {599BA654-64EB-4C1C-B191-22AFDD3CFC38}
	EndProjectSection
EndProject
Project("{FAE04EC0-301F-11D3-BF4B-00C04F79EFBC}") = "Controls", "..\Controls\Controls.csproj", "{90EA3D9F-15B8-4DA7-A0E7-FEF0E2212934}"
	ProjectSection(ProjectDependencies) = postProject
		{599BA654-64EB-4C1C-B191-22AFDD3CFC38} = {599BA654-64EB-4C1C-B191-22AFDD3CFC38}
	EndProjectSection
EndProject
Project("{FAE04EC0-301F-11D3-BF4B-00C04F79EFBC}") = "XamlDictionaryMergeTool", "..\XamlDictionaryMergeTool\XamlDictionaryMergeTool.csproj", "{599BA654-64EB-4C1C-B191-22AFDD3CFC38}"
EndProject
Global
	GlobalSection(SolutionConfigurationPlatforms) = preSolution
		Debug|Any CPU = Debug|Any CPU
		Release|Any CPU = Release|Any CPU
	EndGlobalSection
	GlobalSection(ProjectConfigurationPlatforms) = postSolution
		{F2820E35-AF6D-4C1E-9848-2D8981F8B6EA}.Debug|Any CPU.ActiveCfg = Debug|Any CPU
		{F2820E35-AF6D-4C1E-9848-2D8981F8B6EA}.Debug|Any CPU.Build.0 = Debug|Any CPU
		{F2820E35-AF6D-4C1E-9848-2D8981F8B6EA}.Release|Any CPU.ActiveCfg = Release|Any CPU
		{F2820E35-AF6D-4C1E-9848-2D8981F8B6EA}.Release|Any CPU.Build.0 = Release|Any CPU
		{90EA3D9F-15B8-4DA7-A0E7-FEF0E2212934}.Debug|Any CPU.ActiveCfg = Debug|Any CPU
		{90EA3D9F-15B8-4DA7-A0E7-FEF0E2212934}.Debug|Any CPU.Build.0 = Debug|Any CPU
		{90EA3D9F-15B8-4DA7-A0E7-FEF0E2212934}.Release|Any CPU.ActiveCfg = Release|Any CPU
		{90EA3D9F-15B8-4DA7-A0E7-FEF0E2212934}.Release|Any CPU.Build.0 = Release|Any CPU
		{599BA654-64EB-4C1C-B191-22AFDD3CFC38}.Debug|Any CPU.ActiveCfg = Debug|Any CPU
		{599BA654-64EB-4C1C-B191-22AFDD3CFC38}.Debug|Any CPU.Build.0 = Debug|Any CPU
		{599BA654-64EB-4C1C-B191-22AFDD3CFC38}.Release|Any CPU.ActiveCfg = Release|Any CPU
		{599BA654-64EB-4C1C-B191-22AFDD3CFC38}.Release|Any CPU.Build.0 = Release|Any CPU
	EndGlobalSection
	GlobalSection(SolutionProperties) = preSolution
		HideSolutionNode = FALSE
	EndGlobalSection
EndGlobal
